{
  "name": "roleproof",
  "version": "0.1.0",
  "lockfileVersion": 3,
  "requires": true,
  "packages": {
    "": {
      "name": "roleproof",
      "version": "0.1.0",
      "license": "MIT",
      "bin": {
        "roleproof": "src/cli.mjs"
      },
      "engines": {
        "node": ">=22 <25"
      }
    }
  }
}
